
Microsoft Visual Studio Solution File, Format Version 12.00
# Visual Studio Version 17
VisualStudioVersion = 17.10.35013.160
MinimumVisualStudioVersion = 10.0.40219.1
Project("{FAE04EC0-301F-11D3-BF4B-00C04F79EFBC}") = "ControlInventario", "ControlInventario.csproj", "{25EE62B1-CADE-45C6-A048-423F484C36A8}"
EndProject
Global
	GlobalSection(SolutionConfigurationPlatforms) = preSolution
		Debug|Any CPU = Debug|Any CPU
		Release|Any CPU = Release|Any CPU
	EndGlobalSection
	GlobalSection(ProjectConfigurationPlatforms) = postSolution
		{25EE62B1-CADE-45C6-A048-423F484C36A8}.Debug|Any CPU.ActiveCfg = Debug|Any CPU
		{25EE62B1-CADE-45C6-A048-423F484C36A8}.Debug|Any CPU.Build.0 = Debug|Any CPU
		{25EE62B1-CADE-45C6-A048-423F484C36A8}.Release|Any CPU.ActiveCfg = Release|Any CPU
		{25EE62B1-CADE-45C6-A048-423F484C36A8}.Release|Any CPU.Build.0 = Release|Any CPU
	EndGlobalSection
	GlobalSection(SolutionProperties) = preSolution
		HideSolutionNode = FALSE
	EndGlobalSection
	GlobalSection(ExtensibilityGlobals) = postSolution
		SolutionGuid = {712D04A0-9254-4669-B731-DA0B0389133A}
	EndGlobalSection
EndGlobal
